# This file was autogenerated by Stack.
# You should not edit this file by hand.
# For more information, please see the documentation at:
#   https://docs.haskellstack.org/en/stable/lock_files

packages:
- completed:
    hackage: wuss-1.1.18@sha256:3a44849ae19153cedeadda687274d0ad05934477500df1445c6e724e85f1d114,1260
    pantry-tree:
      sha256: ba5ab9057e8030806b0571e0c624dbd517ff68fababb563dfc56cbc2226b99ee
      size: 224
  original:
    hackage: wuss-1.1.18
snapshots:
- completed:
    sha256: 5a59b2a405b3aba3c00188453be172b85893cab8ebc352b1ef58b0eae5d248a2
    size: 650475
    url: https://raw.githubusercontent.com/commercialhaskell/stackage-snapshots/master/lts/20/26.yaml
  original: lts-20.26
