# This file was autogenerated by Stack.
# You should not edit this file by hand.
# For more information, please see the documentation at:
#   https://docs.haskellstack.org/en/stable/lock_files

packages:
- completed:
    hackage: ixset-1.1.1.2@sha256:3367a3f9167b12601f76d8c161d06cc803ec6eca239d3dd9507ad06414a58897,1656
    pantry-tree:
      sha256: c8520bd0e59edc8d40badd43ff12a6126ebece2fb99982b24ad7d15e5cc3f794
      size: 388
  original:
    hackage: ixset-1.1.1.2
- completed:
    hackage: syb-with-class-0.6.1.14@sha256:7ea98321048777aa57f84d000dbde11d8d0b4988bc7f23dc63c9ea7caa4fffc2,1877
    pantry-tree:
      sha256: b0c7f807f137a330aeb77b4db0e528200ad595b4dc96c858c2c292b85e399cfe
      size: 531
  original:
    hackage: syb-with-class-0.6.1.14
snapshots:
- completed:
    sha256: abcc4a65c15c7c2313f1a87f01bfd4d910516e1930b99653eef1d2d006515916
    size: 640074
    url: https://raw.githubusercontent.com/commercialhaskell/stackage-snapshots/master/lts/21/24.yaml
  original: lts-21.24
